
Microsoft Visual Studio Solution File, Format Version 10.00
# Visual Studio 2008
Project("{8BC9CEB8-8B4A-11D0-8D11-00A0C91BC942}") = "SGL4", "SGL4\SGL4.vcproj", "{74AB4797-6E6C-4CCA-BF99-8167D3A5C978}"
EndProject
Global
	GlobalSection(SolutionConfigurationPlatforms) = preSolution
		Debug|Win32 = Debug|Win32
		Release|Win32 = Release|Win32
	EndGlobalSection
	GlobalSection(ProjectConfigurationPlatforms) = postSolution
		{74AB4797-6E6C-4CCA-BF99-8167D3A5C978}.Debug|Win32.ActiveCfg = Debug|Win32
		{74AB4797-6E6C-4CCA-BF99-8167D3A5C978}.Debug|Win32.Build.0 = Debug|Win32
		{74AB4797-6E6C-4CCA-BF99-8167D3A5C978}.Release|Win32.ActiveCfg = Release|Win32
		{74AB4797-6E6C-4CCA-BF99-8167D3A5C978}.Release|Win32.Build.0 = Release|Win32
	EndGlobalSection
	GlobalSection(SolutionProperties) = preSolution
		HideSolutionNode = FALSE
	EndGlobalSection
EndGlobal
